
Microsoft Visual Studio Solution File, Format Version 12.00
# Visual Studio 2013
VisualStudioVersion = 12.0.40629.0
MinimumVisualStudioVersion = 10.0.40219.1
Project("{FAE04EC0-301F-11D3-BF4B-00C04F79EFBC}") = "Students-and-Courses", "Students-and-Courses\Students-and-Courses.csproj", "{30662F24-CBBA-455B-85C2-ABA54DD0C45A}"
EndProject
Project("{FAE04EC0-301F-11D3-BF4B-00C04F79EFBC}") = "BiDictionary", "BiDictionary\BiDictionary.csproj", "{939A822B-3C14-47D5-B145-D4063CB6B655}"
EndProject
Project("{FAE04EC0-301F-11D3-BF4B-00C04F79EFBC}") = "Collection-of-Products", "Collection-of-Products\Collection-of-Products.csproj", "{210CBAFB-0A79-4011-8187-FD78B88FEE66}"
EndProject
Global
	GlobalSection(SolutionConfigurationPlatforms) = preSolution
		Debug|Any CPU = Debug|Any CPU
		Release|Any CPU = Release|Any CPU
	EndGlobalSection
	GlobalSection(ProjectConfigurationPlatforms) = postSolution
		{30662F24-CBBA-455B-85C2-ABA54DD0C45A}.Debug|Any CPU.ActiveCfg = Debug|Any CPU
		{30662F24-CBBA-455B-85C2-ABA54DD0C45A}.Debug|Any CPU.Build.0 = Debug|Any CPU
		{30662F24-CBBA-455B-85C2-ABA54DD0C45A}.Release|Any CPU.ActiveCfg = Release|Any CPU
		{30662F24-CBBA-455B-85C2-ABA54DD0C45A}.Release|Any CPU.Build.0 = Release|Any CPU
		{939A822B-3C14-47D5-B145-D4063CB6B655}.Debug|Any CPU.ActiveCfg = Debug|Any CPU
		{939A822B-3C14-47D5-B145-D4063CB6B655}.Debug|Any CPU.Build.0 = Debug|Any CPU
		{939A822B-3C14-47D5-B145-D4063CB6B655}.Release|Any CPU.ActiveCfg = Release|Any CPU
		{939A822B-3C14-47D5-B145-D4063CB6B655}.Release|Any CPU.Build.0 = Release|Any CPU
		{210CBAFB-0A79-4011-8187-FD78B88FEE66}.Debug|Any CPU.ActiveCfg = Debug|Any CPU
		{210CBAFB-0A79-4011-8187-FD78B88FEE66}.Debug|Any CPU.Build.0 = Debug|Any CPU
		{210CBAFB-0A79-4011-8187-FD78B88FEE66}.Release|Any CPU.ActiveCfg = Release|Any CPU
		{210CBAFB-0A79-4011-8187-FD78B88FEE66}.Release|Any CPU.Build.0 = Release|Any CPU
	EndGlobalSection
	GlobalSection(SolutionProperties) = preSolution
		HideSolutionNode = FALSE
	EndGlobalSection
EndGlobal
